
Microsoft Visual Studio Solution File, Format Version 12.00
# Visual Studio Version 16
VisualStudioVersion = 16.0.31911.196
MinimumVisualStudioVersion = 10.0.40219.1
Project("{FAE04EC0-301F-11D3-BF4B-00C04F79EFBC}") = "Задание 5", "Задание 5\Задание 5.csproj", "{32FD1447-D4C2-44C4-B3D8-AF63478C0232}"
EndProject
Project("{FAE04EC0-301F-11D3-BF4B-00C04F79EFBC}") = "Задание 5.5", "Задание 5.5\Задание 5.5.csproj", "{37F10ED1-B7B9-4522-A869-3675825D16F9}"
EndProject
Global
	GlobalSection(SolutionConfigurationPlatforms) = preSolution
		Debug|Any CPU = Debug|Any CPU
		Release|Any CPU = Release|Any CPU
	EndGlobalSection
	GlobalSection(ProjectConfigurationPlatforms) = postSolution
		{32FD1447-D4C2-44C4-B3D8-AF63478C0232}.Debug|Any CPU.ActiveCfg = Debug|Any CPU
		{32FD1447-D4C2-44C4-B3D8-AF63478C0232}.Debug|Any CPU.Build.0 = Debug|Any CPU
		{32FD1447-D4C2-44C4-B3D8-AF63478C0232}.Release|Any CPU.ActiveCfg = Release|Any CPU
		{32FD1447-D4C2-44C4-B3D8-AF63478C0232}.Release|Any CPU.Build.0 = Release|Any CPU
		{37F10ED1-B7B9-4522-A869-3675825D16F9}.Debug|Any CPU.ActiveCfg = Debug|Any CPU
		{37F10ED1-B7B9-4522-A869-3675825D16F9}.Debug|Any CPU.Build.0 = Debug|Any CPU
		{37F10ED1-B7B9-4522-A869-3675825D16F9}.Release|Any CPU.ActiveCfg = Release|Any CPU
		{37F10ED1-B7B9-4522-A869-3675825D16F9}.Release|Any CPU.Build.0 = Release|Any CPU
	EndGlobalSection
	GlobalSection(SolutionProperties) = preSolution
		HideSolutionNode = FALSE
	EndGlobalSection
	GlobalSection(ExtensibilityGlobals) = postSolution
		SolutionGuid = {7297CBCB-5A0E-4B28-AB75-5418EABF0128}
	EndGlobalSection
EndGlobal
